
Microsoft Visual Studio Solution File, Format Version 12.00
# Visual Studio Version 17
VisualStudioVersion = 17.2.32630.192
MinimumVisualStudioVersion = 10.0.40219.1
Project("{FAE04EC0-301F-11D3-BF4B-00C04F79EFBC}") = "InterviewQuestion", "InterviewQuestion.csproj", "{93A04F80-EEE6-4250-94A9-8763B28C36D7}"
EndProject
Global
	GlobalSection(SolutionConfigurationPlatforms) = preSolution
		Debug|Any CPU = Debug|Any CPU
		Release|Any CPU = Release|Any CPU
	EndGlobalSection
	GlobalSection(ProjectConfigurationPlatforms) = postSolution
		{93A04F80-EEE6-4250-94A9-8763B28C36D7}.Debug|Any CPU.ActiveCfg = Debug|Any CPU
		{93A04F80-EEE6-4250-94A9-8763B28C36D7}.Debug|Any CPU.Build.0 = Debug|Any CPU
		{93A04F80-EEE6-4250-94A9-8763B28C36D7}.Release|Any CPU.ActiveCfg = Release|Any CPU
		{93A04F80-EEE6-4250-94A9-8763B28C36D7}.Release|Any CPU.Build.0 = Release|Any CPU
	EndGlobalSection
	GlobalSection(SolutionProperties) = preSolution
		HideSolutionNode = FALSE
	EndGlobalSection
	GlobalSection(ExtensibilityGlobals) = postSolution
		SolutionGuid = {10FBC70E-C264-4ED4-8717-6362D557717B}
	EndGlobalSection
EndGlobal
